
Microsoft Visual Studio Solution File, Format Version 12.00
# Visual Studio Version 17
VisualStudioVersion = 17.3.32901.215
MinimumVisualStudioVersion = 10.0.40219.1
Project("{9A19103F-16F7-4668-BE54-9A1E7A4F7556}") = "Entities", "Domain\Entities.csproj", "{5414535F-AA95-4E6C-8459-A5668621087B}"
EndProject
Project("{9A19103F-16F7-4668-BE54-9A1E7A4F7556}") = "DataAccess.MsSql", "DataAccess\DataAccess.MsSql.csproj", "{D8F07798-820D-4B37-8CBF-9AF410D18ED6}"
EndProject
Project("{9A19103F-16F7-4668-BE54-9A1E7A4F7556}") = "Mobile.UseCases", "Application\Mobile.UseCases.csproj", "{44F76C64-868E-426A-8E80-4BC2BB075ED9}"
EndProject
Project("{9A19103F-16F7-4668-BE54-9A1E7A4F7556}") = "WebApp", "WebApp\WebApp.csproj", "{86B00C54-C3F0-4E32-9A4A-2CC82F533395}"
EndProject
Project("{9A19103F-16F7-4668-BE54-9A1E7A4F7556}") = "Utils", "Utils\Utils.csproj", "{FF927B70-976C-4B38-A465-DB15A26807D2}"
EndProject
Project("{9A19103F-16F7-4668-BE54-9A1E7A4F7556}") = "DomainServices.Interfaces", "DomainServices.Interfaces\DomainServices.Interfaces.csproj", "{892667D9-8BCE-486A-8453-26E1DC1C911E}"
EndProject
Project("{9A19103F-16F7-4668-BE54-9A1E7A4F7556}") = "DomainServices.Implementation", "DomainServices.Implementation\DomainServices.Implementation.csproj", "{3E97C950-3E28-404B-9226-4D0A79B4B38D}"
EndProject
Project("{2150E333-8FDC-42A3-9474-1A3956D46DE8}") = "0 Utils", "0 Utils", "{4CEBD6DA-243E-41D7-9EF1-49EDCBD4BAB5}"
EndProject
Project("{2150E333-8FDC-42A3-9474-1A3956D46DE8}") = "1 Entities", "1 Entities", "{D5D83DD5-68EA-4EA7-9521-6A7E0C1AC59F}"
EndProject
Project("{9A19103F-16F7-4668-BE54-9A1E7A4F7556}") = "DataAccess.Interfaces", "DataAccess.Interfaces\DataAccess.Interfaces.csproj", "{7EA16F77-F863-49FE-B075-F154C6AEA225}"
EndProject
Project("{9A19103F-16F7-4668-BE54-9A1E7A4F7556}") = "Email.MailHandler", "Infrastructure.Implementation\Email.MailHandler.csproj", "{88636D25-F1FA-4D64-97FA-3CA5ABED2C38}"
EndProject
Project("{2150E333-8FDC-42A3-9474-1A3956D46DE8}") = "2 Infrastructure.Interfaces", "2 Infrastructure.Interfaces", "{F913155B-4427-4101-B392-E840FBCE59B0}"
EndProject
Project("{2150E333-8FDC-42A3-9474-1A3956D46DE8}") = "4 Infrastructure.Implementation", "4 Infrastructure.Implementation", "{20E11195-2625-4CA1-ADDE-BF3DEFD85DEE}"
EndProject
Project("{9A19103F-16F7-4668-BE54-9A1E7A4F7556}") = "Email.Interfaces", "Email.Interfaces\Email.Interfaces.csproj", "{950FFA07-C1BB-43BF-B1BB-5C02FFA2FC69}"
EndProject
Project("{9A19103F-16F7-4668-BE54-9A1E7A4F7556}") = "WebApp.Interfaces", "Identity.Interfaces\WebApp.Interfaces.csproj", "{136F391E-6928-4A3B-9A31-A00713B89CD6}"
EndProject
Project("{9A19103F-16F7-4668-BE54-9A1E7A4F7556}") = "ApplicationServices.Interfaces", "ApplicationServices.Interfaces\ApplicationServices.Interfaces.csproj", "{2E0C7E6E-A4C5-4B24-9624-D1BE57D89034}"
EndProject
Project("{9A19103F-16F7-4668-BE54-9A1E7A4F7556}") = "ApplicationServices.Implementation", "ApplicationServices.Implementation\ApplicationServices.Implementation.csproj", "{5C0BC643-4116-4F12-8D2E-C9C0CD036801}"
EndProject
Project("{2150E333-8FDC-42A3-9474-1A3956D46DE8}") = "3 Application", "3 Application", "{0F6C9DA3-1E8E-4ACD-9795-D09D41900798}"
EndProject
Project("{9A19103F-16F7-4668-BE54-9A1E7A4F7556}") = "Mobile.Controllers", "Controllers\Mobile.Controllers.csproj", "{945B038D-72B2-4785-AB23-73DC71996690}"
EndProject
Project("{9A19103F-16F7-4668-BE54-9A1E7A4F7556}") = "Web.Controllers", "WebApi.Controllers\Web.Controllers.csproj", "{D3DDA3AF-4216-4733-B1C5-89CBE669B76C}"
EndProject
Project("{2150E333-8FDC-42A3-9474-1A3956D46DE8}") = "Web", "Web", "{6AB5E751-1320-47B0-82AE-63A3A2BA3CB0}"
EndProject
Project("{2150E333-8FDC-42A3-9474-1A3956D46DE8}") = "Mobile", "Mobile", "{61D72517-9317-4F06-AF2A-A6E8532CAB75}"
EndProject
Project("{9A19103F-16F7-4668-BE54-9A1E7A4F7556}") = "Web.UseCases", "Web.UseCases\Web.UseCases.csproj", "{2D8384CC-3E0F-4411-831A-2BA4A0DA0CCB}"
EndProject
Project("{9A19103F-16F7-4668-BE54-9A1E7A4F7556}") = "Delivery.Interfaces", "Delivery.Interfaces\Delivery.Interfaces.csproj", "{AE30BD5C-1979-4D57-B068-7DE069EBE02E}"
EndProject
Project("{9A19103F-16F7-4668-BE54-9A1E7A4F7556}") = "Delivery.Company", "Delivery.Company\Delivery.Company.csproj", "{5A397AE6-C0C6-43E4-972E-9AA605532496}"
EndProject
Global
	GlobalSection(SolutionConfigurationPlatforms) = preSolution
		Debug|Any CPU = Debug|Any CPU
		Release|Any CPU = Release|Any CPU
	EndGlobalSection
	GlobalSection(ProjectConfigurationPlatforms) = postSolution
		{5414535F-AA95-4E6C-8459-A5668621087B}.Debug|Any CPU.ActiveCfg = Debug|Any CPU
		{5414535F-AA95-4E6C-8459-A5668621087B}.Debug|Any CPU.Build.0 = Debug|Any CPU
		{5414535F-AA95-4E6C-8459-A5668621087B}.Release|Any CPU.ActiveCfg = Release|Any CPU
		{5414535F-AA95-4E6C-8459-A5668621087B}.Release|Any CPU.Build.0 = Release|Any CPU
		{D8F07798-820D-4B37-8CBF-9AF410D18ED6}.Debug|Any CPU.ActiveCfg = Debug|Any CPU
		{D8F07798-820D-4B37-8CBF-9AF410D18ED6}.Debug|Any CPU.Build.0 = Debug|Any CPU
		{D8F07798-820D-4B37-8CBF-9AF410D18ED6}.Release|Any CPU.ActiveCfg = Release|Any CPU
		{D8F07798-820D-4B37-8CBF-9AF410D18ED6}.Release|Any CPU.Build.0 = Release|Any CPU
		{44F76C64-868E-426A-8E80-4BC2BB075ED9}.Debug|Any CPU.ActiveCfg = Debug|Any CPU
		{44F76C64-868E-426A-8E80-4BC2BB075ED9}.Debug|Any CPU.Build.0 = Debug|Any CPU
		{44F76C64-868E-426A-8E80-4BC2BB075ED9}.Release|Any CPU.ActiveCfg = Release|Any CPU
		{44F76C64-868E-426A-8E80-4BC2BB075ED9}.Release|Any CPU.Build.0 = Release|Any CPU
		{86B00C54-C3F0-4E32-9A4A-2CC82F533395}.Debug|Any CPU.ActiveCfg = Debug|Any CPU
		{86B00C54-C3F0-4E32-9A4A-2CC82F533395}.Debug|Any CPU.Build.0 = Debug|Any CPU
		{86B00C54-C3F0-4E32-9A4A-2CC82F533395}.Release|Any CPU.ActiveCfg = Release|Any CPU
		{86B00C54-C3F0-4E32-9A4A-2CC82F533395}.Release|Any CPU.Build.0 = Release|Any CPU
		{FF927B70-976C-4B38-A465-DB15A26807D2}.Debug|Any CPU.ActiveCfg = Debug|Any CPU
		{FF927B70-976C-4B38-A465-DB15A26807D2}.Debug|Any CPU.Build.0 = Debug|Any CPU
		{FF927B70-976C-4B38-A465-DB15A26807D2}.Release|Any CPU.ActiveCfg = Release|Any CPU
		{FF927B70-976C-4B38-A465-DB15A26807D2}.Release|Any CPU.Build.0 = Release|Any CPU
		{892667D9-8BCE-486A-8453-26E1DC1C911E}.Debug|Any CPU.ActiveCfg = Debug|Any CPU
		{892667D9-8BCE-486A-8453-26E1DC1C911E}.Debug|Any CPU.Build.0 = Debug|Any CPU
		{892667D9-8BCE-486A-8453-26E1DC1C911E}.Release|Any CPU.ActiveCfg = Release|Any CPU
		{892667D9-8BCE-486A-8453-26E1DC1C911E}.Release|Any CPU.Build.0 = Release|Any CPU
		{3E97C950-3E28-404B-9226-4D0A79B4B38D}.Debug|Any CPU.ActiveCfg = Debug|Any CPU
		{3E97C950-3E28-404B-9226-4D0A79B4B38D}.Debug|Any CPU.Build.0 = Debug|Any CPU
		{3E97C950-3E28-404B-9226-4D0A79B4B38D}.Release|Any CPU.ActiveCfg = Release|Any CPU
		{3E97C950-3E28-404B-9226-4D0A79B4B38D}.Release|Any CPU.Build.0 = Release|Any CPU
		{7EA16F77-F863-49FE-B075-F154C6AEA225}.Debug|Any CPU.ActiveCfg = Debug|Any CPU
		{7EA16F77-F863-49FE-B075-F154C6AEA225}.Debug|Any CPU.Build.0 = Debug|Any CPU
		{7EA16F77-F863-49FE-B075-F154C6AEA225}.Release|Any CPU.ActiveCfg = Release|Any CPU
		{7EA16F77-F863-49FE-B075-F154C6AEA225}.Release|Any CPU.Build.0 = Release|Any CPU
		{88636D25-F1FA-4D64-97FA-3CA5ABED2C38}.Debug|Any CPU.ActiveCfg = Debug|Any CPU
		{88636D25-F1FA-4D64-97FA-3CA5ABED2C38}.Debug|Any CPU.Build.0 = Debug|Any CPU
		{88636D25-F1FA-4D64-97FA-3CA5ABED2C38}.Release|Any CPU.ActiveCfg = Release|Any CPU
		{88636D25-F1FA-4D64-97FA-3CA5ABED2C38}.Release|Any CPU.Build.0 = Release|Any CPU
		{950FFA07-C1BB-43BF-B1BB-5C02FFA2FC69}.Debug|Any CPU.ActiveCfg = Debug|Any CPU
		{950FFA07-C1BB-43BF-B1BB-5C02FFA2FC69}.Debug|Any CPU.Build.0 = Debug|Any CPU
		{950FFA07-C1BB-43BF-B1BB-5C02FFA2FC69}.Release|Any CPU.ActiveCfg = Release|Any CPU
		{950FFA07-C1BB-43BF-B1BB-5C02FFA2FC69}.Release|Any CPU.Build.0 = Release|Any CPU
		{136F391E-6928-4A3B-9A31-A00713B89CD6}.Debug|Any CPU.ActiveCfg = Debug|Any CPU
		{136F391E-6928-4A3B-9A31-A00713B89CD6}.Debug|Any CPU.Build.0 = Debug|Any CPU
		{136F391E-6928-4A3B-9A31-A00713B89CD6}.Release|Any CPU.ActiveCfg = Release|Any CPU
		{136F391E-6928-4A3B-9A31-A00713B89CD6}.Release|Any CPU.Build.0 = Release|Any CPU
		{2E0C7E6E-A4C5-4B24-9624-D1BE57D89034}.Debug|Any CPU.ActiveCfg = Debug|Any CPU
		{2E0C7E6E-A4C5-4B24-9624-D1BE57D89034}.Debug|Any CPU.Build.0 = Debug|Any CPU
		{2E0C7E6E-A4C5-4B24-9624-D1BE57D89034}.Release|Any CPU.ActiveCfg = Release|Any CPU
		{2E0C7E6E-A4C5-4B24-9624-D1BE57D89034}.Release|Any CPU.Build.0 = Release|Any CPU
		{5C0BC643-4116-4F12-8D2E-C9C0CD036801}.Debug|Any CPU.ActiveCfg = Debug|Any CPU
		{5C0BC643-4116-4F12-8D2E-C9C0CD036801}.Debug|Any CPU.Build.0 = Debug|Any CPU
		{5C0BC643-4116-4F12-8D2E-C9C0CD036801}.Release|Any CPU.ActiveCfg = Release|Any CPU
		{5C0BC643-4116-4F12-8D2E-C9C0CD036801}.Release|Any CPU.Build.0 = Release|Any CPU
		{945B038D-72B2-4785-AB23-73DC71996690}.Debug|Any CPU.ActiveCfg = Debug|Any CPU
		{945B038D-72B2-4785-AB23-73DC71996690}.Debug|Any CPU.Build.0 = Debug|Any CPU
		{945B038D-72B2-4785-AB23-73DC71996690}.Release|Any CPU.ActiveCfg = Release|Any CPU
		{945B038D-72B2-4785-AB23-73DC71996690}.Release|Any CPU.Build.0 = Release|Any CPU
		{D3DDA3AF-4216-4733-B1C5-89CBE669B76C}.Debug|Any CPU.ActiveCfg = Debug|Any CPU
		{D3DDA3AF-4216-4733-B1C5-89CBE669B76C}.Debug|Any CPU.Build.0 = Debug|Any CPU
		{D3DDA3AF-4216-4733-B1C5-89CBE669B76C}.Release|Any CPU.ActiveCfg = Release|Any CPU
		{D3DDA3AF-4216-4733-B1C5-89CBE669B76C}.Release|Any CPU.Build.0 = Release|Any CPU
		{2D8384CC-3E0F-4411-831A-2BA4A0DA0CCB}.Debug|Any CPU.ActiveCfg = Debug|Any CPU
		{2D8384CC-3E0F-4411-831A-2BA4A0DA0CCB}.Debug|Any CPU.Build.0 = Debug|Any CPU
		{2D8384CC-3E0F-4411-831A-2BA4A0DA0CCB}.Release|Any CPU.ActiveCfg = Release|Any CPU
		{2D8384CC-3E0F-4411-831A-2BA4A0DA0CCB}.Release|Any CPU.Build.0 = Release|Any CPU
		{AE30BD5C-1979-4D57-B068-7DE069EBE02E}.Debug|Any CPU.ActiveCfg = Debug|Any CPU
		{AE30BD5C-1979-4D57-B068-7DE069EBE02E}.Debug|Any CPU.Build.0 = Debug|Any CPU
		{AE30BD5C-1979-4D57-B068-7DE069EBE02E}.Release|Any CPU.ActiveCfg = Release|Any CPU
		{AE30BD5C-1979-4D57-B068-7DE069EBE02E}.Release|Any CPU.Build.0 = Release|Any CPU
		{5A397AE6-C0C6-43E4-972E-9AA605532496}.Debug|Any CPU.ActiveCfg = Debug|Any CPU
		{5A397AE6-C0C6-43E4-972E-9AA605532496}.Debug|Any CPU.Build.0 = Debug|Any CPU
		{5A397AE6-C0C6-43E4-972E-9AA605532496}.Release|Any CPU.ActiveCfg = Release|Any CPU
		{5A397AE6-C0C6-43E4-972E-9AA605532496}.Release|Any CPU.Build.0 = Release|Any CPU
	EndGlobalSection
	GlobalSection(SolutionProperties) = preSolution
		HideSolutionNode = FALSE
	EndGlobalSection
	GlobalSection(NestedProjects) = preSolution
		{5414535F-AA95-4E6C-8459-A5668621087B} = {D5D83DD5-68EA-4EA7-9521-6A7E0C1AC59F}
		{D8F07798-820D-4B37-8CBF-9AF410D18ED6} = {20E11195-2625-4CA1-ADDE-BF3DEFD85DEE}
		{44F76C64-868E-426A-8E80-4BC2BB075ED9} = {61D72517-9317-4F06-AF2A-A6E8532CAB75}
		{FF927B70-976C-4B38-A465-DB15A26807D2} = {4CEBD6DA-243E-41D7-9EF1-49EDCBD4BAB5}
		{892667D9-8BCE-486A-8453-26E1DC1C911E} = {D5D83DD5-68EA-4EA7-9521-6A7E0C1AC59F}
		{3E97C950-3E28-404B-9226-4D0A79B4B38D} = {D5D83DD5-68EA-4EA7-9521-6A7E0C1AC59F}
		{7EA16F77-F863-49FE-B075-F154C6AEA225} = {F913155B-4427-4101-B392-E840FBCE59B0}
		{88636D25-F1FA-4D64-97FA-3CA5ABED2C38} = {20E11195-2625-4CA1-ADDE-BF3DEFD85DEE}
		{950FFA07-C1BB-43BF-B1BB-5C02FFA2FC69} = {F913155B-4427-4101-B392-E840FBCE59B0}
		{136F391E-6928-4A3B-9A31-A00713B89CD6} = {F913155B-4427-4101-B392-E840FBCE59B0}
		{2E0C7E6E-A4C5-4B24-9624-D1BE57D89034} = {0F6C9DA3-1E8E-4ACD-9795-D09D41900798}
		{5C0BC643-4116-4F12-8D2E-C9C0CD036801} = {0F6C9DA3-1E8E-4ACD-9795-D09D41900798}
		{945B038D-72B2-4785-AB23-73DC71996690} = {61D72517-9317-4F06-AF2A-A6E8532CAB75}
		{D3DDA3AF-4216-4733-B1C5-89CBE669B76C} = {6AB5E751-1320-47B0-82AE-63A3A2BA3CB0}
		{2D8384CC-3E0F-4411-831A-2BA4A0DA0CCB} = {6AB5E751-1320-47B0-82AE-63A3A2BA3CB0}
		{AE30BD5C-1979-4D57-B068-7DE069EBE02E} = {F913155B-4427-4101-B392-E840FBCE59B0}
		{5A397AE6-C0C6-43E4-972E-9AA605532496} = {20E11195-2625-4CA1-ADDE-BF3DEFD85DEE}
	EndGlobalSection
	GlobalSection(ExtensibilityGlobals) = postSolution
		SolutionGuid = {12DE950A-896E-446D-80AA-C8A33762DAAA}
	EndGlobalSection
EndGlobal
